// !$*UTF8*$!
{
	archiveVersion = 1;
	classes = {
	};
	objectVersion = 50;
	objects = {

/* Begin PBXBuildFile section */
		F53F2F21223A5328009B8FEF /* AppDelegate.swift in Sources */ = {isa = PBXBuildFile; fileRef = F53F2F20223A5328009B8FEF /* AppDelegate.swift */; };
		F53F2F23223A5328009B8FEF /* ViewController.swift in Sources */ = {isa = PBXBuildFile; fileRef = F53F2F22223A5328009B8FEF /* ViewController.swift */; };
		F53F2F26223A5328009B8FEF /* Main.storyboard in Resources */ = {isa = PBXBuildFile; fileRef = F53F2F24223A5328009B8FEF /* Main.storyboard */; };
		F53F2F28223A532A009B8FEF /* Assets.xcassets in Resources */ = {isa = PBXBuildFile; fileRef = F53F2F27223A532A009B8FEF /* Assets.xcassets */; };
		F53F2F2B223A532A009B8FEF /* LaunchScreen.storyboard in Resources */ = {isa = PBXBuildFile; fileRef = F53F2F29223A532A009B8FEF /* LaunchScreen.storyboard */; };
		F53F2F36223A532A009B8FEF /* MapApiServiceTests.swift in Sources */ = {isa = PBXBuildFile; fileRef = F53F2F35223A532A009B8FEF /* MapApiServiceTests.swift */; };
		F53F2F46223A5515009B8FEF /* Vehicle.swift in Sources */ = {isa = PBXBuildFile; fileRef = F53F2F45223A5515009B8FEF /* Vehicle.swift */; };
		F53F2F58223A569F009B8FEF /* Reachability.swift in Sources */ = {isa = PBXBuildFile; fileRef = F53F2F57223A569F009B8FEF /* Reachability.swift */; };
		F53F2F60223A5A75009B8FEF /* Constants.swift in Sources */ = {isa = PBXBuildFile; fileRef = F53F2F5F223A5A75009B8FEF /* Constants.swift */; };
		F53F2F73223A683D009B8FEF /* MapService.swift in Sources */ = {isa = PBXBuildFile; fileRef = F53F2F72223A683D009B8FEF /* MapService.swift */; };
		F53F2F77223A7611009B8FEF /* VehicleDetailView.xib in Resources */ = {isa = PBXBuildFile; fileRef = F53F2F75223A7611009B8FEF /* VehicleDetailView.xib */; };
		F53F2F78223A7611009B8FEF /* VehicleDetailView.swift in Sources */ = {isa = PBXBuildFile; fileRef = F53F2F76223A7611009B8FEF /* VehicleDetailView.swift */; };
		F53F2F82223B38AF009B8FEF /* Extensions.swift in Sources */ = {isa = PBXBuildFile; fileRef = F53F2F81223B38AF009B8FEF /* Extensions.swift */; };
		F5BE4949223B87210056D775 /* Sample.json in Resources */ = {isa = PBXBuildFile; fileRef = F5BE4948223B87210056D775 /* Sample.json */; };
/* End PBXBuildFile section */

/* Begin PBXContainerItemProxy section */
		F53F2F32223A532A009B8FEF /* PBXContainerItemProxy */ = {
			isa = PBXContainerItemProxy;
			containerPortal = F53F2F15223A5328009B8FEF /* Project object */;
			proxyType = 1;
			remoteGlobalIDString = F53F2F1C223A5328009B8FEF;
			remoteInfo = Map;
		};
/* End PBXContainerItemProxy section */

/* Begin PBXFileReference section */
		F53F2F1D223A5328009B8FEF /* Map.app */ = {isa = PBXFileReference; explicitFileType = wrapper.application; includeInIndex = 0; path = Map.app; sourceTree = BUILT_PRODUCTS_DIR; };
		F53F2F20223A5328009B8FEF /* AppDelegate.swift */ = {isa = PBXFileReference; lastKnownFileType = sourcecode.swift; path = AppDelegate.swift; sourceTree = "<group>"; };
		F53F2F22223A5328009B8FEF /* ViewController.swift */ = {isa = PBXFileReference; lastKnownFileType = sourcecode.swift; path = ViewController.swift; sourceTree = "<group>"; };
		F53F2F25223A5328009B8FEF /* Base */ = {isa = PBXFileReference; lastKnownFileType = file.storyboard; name = Base; path = Base.lproj/Main.storyboard; sourceTree = "<group>"; };
		F53F2F27223A532A009B8FEF /* Assets.xcassets */ = {isa = PBXFileReference; lastKnownFileType = folder.assetcatalog; path = Assets.xcassets; sourceTree = "<group>"; };
		F53F2F2A223A532A009B8FEF /* Base */ = {isa = PBXFileReference; lastKnownFileType = file.storyboard; name = Base; path = Base.lproj/LaunchScreen.storyboard; sourceTree = "<group>"; };
		F53F2F2C223A532A009B8FEF /* Info.plist */ = {isa = PBXFileReference; lastKnownFileType = text.plist.xml; path = Info.plist; sourceTree = "<group>"; };
		F53F2F31223A532A009B8FEF /* MapTests.xctest */ = {isa = PBXFileReference; explicitFileType = wrapper.cfbundle; includeInIndex = 0; path = MapTests.xctest; sourceTree = BUILT_PRODUCTS_DIR; };
		F53F2F35223A532A009B8FEF /* MapApiServiceTests.swift */ = {isa = PBXFileReference; lastKnownFileType = sourcecode.swift; path = MapApiServiceTests.swift; sourceTree = "<group>"; };
		F53F2F37223A532B009B8FEF /* Info.plist */ = {isa = PBXFileReference; lastKnownFileType = text.plist.xml; path = Info.plist; sourceTree = "<group>"; };
		F53F2F45223A5515009B8FEF /* Vehicle.swift */ = {isa = PBXFileReference; fileEncoding = 4; lastKnownFileType = sourcecode.swift; path = Vehicle.swift; sourceTree = "<group>"; };
		F53F2F57223A569F009B8FEF /* Reachability.swift */ = {isa = PBXFileReference; fileEncoding = 4; lastKnownFileType = sourcecode.swift; path = Reachability.swift; sourceTree = "<group>"; };
		F53F2F5F223A5A75009B8FEF /* Constants.swift */ = {isa = PBXFileReference; fileEncoding = 4; lastKnownFileType = sourcecode.swift; path = Constants.swift; sourceTree = "<group>"; };
		F53F2F72223A683D009B8FEF /* MapService.swift */ = {isa = PBXFileReference; fileEncoding = 4; lastKnownFileType = sourcecode.swift; path = MapService.swift; sourceTree = "<group>"; };
		F53F2F75223A7611009B8FEF /* VehicleDetailView.xib */ = {isa = PBXFileReference; fileEncoding = 4; lastKnownFileType = file.xib; path = VehicleDetailView.xib; sourceTree = "<group>"; };
		F53F2F76223A7611009B8FEF /* VehicleDetailView.swift */ = {isa = PBXFileReference; fileEncoding = 4; lastKnownFileType = sourcecode.swift; path = VehicleDetailView.swift; sourceTree = "<group>"; };
		F53F2F81223B38AF009B8FEF /* Extensions.swift */ = {isa = PBXFileReference; lastKnownFileType = sourcecode.swift; path = Extensions.swift; sourceTree = "<group>"; };
		F5BE4948223B87210056D775 /* Sample.json */ = {isa = PBXFileReference; lastKnownFileType = text.json; path = Sample.json; sourceTree = "<group>"; };
/* End PBXFileReference section */

/* Begin PBXFrameworksBuildPhase section */
		F53F2F1A223A5328009B8FEF /* Frameworks */ = {
			isa = PBXFrameworksBuildPhase;
			buildActionMask = 2147483647;
			files = (
			);
			runOnlyForDeploymentPostprocessing = 0;
		};
		F53F2F2E223A532A009B8FEF /* Frameworks */ = {
			isa = PBXFrameworksBuildPhase;
			buildActionMask = 2147483647;
			files = (
			);
			runOnlyForDeploymentPostprocessing = 0;
		};
/* End PBXFrameworksBuildPhase section */

/* Begin PBXGroup section */
		F53F2F14223A5328009B8FEF = {
			isa = PBXGroup;
			children = (
				F53F2F1F223A5328009B8FEF /* Map */,
				F53F2F34223A532A009B8FEF /* MapTests */,
				F53F2F1E223A5328009B8FEF /* Products */,
			);
			sourceTree = "<group>";
		};
		F53F2F1E223A5328009B8FEF /* Products */ = {
			isa = PBXGroup;
			children = (
				F53F2F1D223A5328009B8FEF /* Map.app */,
				F53F2F31223A532A009B8FEF /* MapTests.xctest */,
			);
			name = Products;
			sourceTree = "<group>";
		};
		F53F2F1F223A5328009B8FEF /* Map */ = {
			isa = PBXGroup;
			children = (
				F53F2F20223A5328009B8FEF /* AppDelegate.swift */,
				F53F2F44223A5395009B8FEF /* Config */,
				F53F2F43223A5384009B8FEF /* Models */,
				F53F2F40223A5356009B8FEF /* Controllers */,
				F53F2F41223A5369009B8FEF /* Views */,
				F53F2F42223A5370009B8FEF /* Resources */,
				F53F2F47223A567A009B8FEF /* Service */,
				F53F2F2C223A532A009B8FEF /* Info.plist */,
			);
			path = Map;
			sourceTree = "<group>";
		};
		F53F2F34223A532A009B8FEF /* MapTests */ = {
			isa = PBXGroup;
			children = (
				F53F2F35223A532A009B8FEF /* MapApiServiceTests.swift */,
				F5BE4948223B87210056D775 /* Sample.json */,
				F53F2F37223A532B009B8FEF /* Info.plist */,
			);
			path = MapTests;
			sourceTree = "<group>";
		};
		F53F2F40223A5356009B8FEF /* Controllers */ = {
			isa = PBXGroup;
			children = (
				F53F2F22223A5328009B8FEF /* ViewController.swift */,
			);
			path = Controllers;
			sourceTree = "<group>";
		};
		F53F2F41223A5369009B8FEF /* Views */ = {
			isa = PBXGroup;
			children = (
				F53F2F74223A7597009B8FEF /* Xib */,
				F53F2F24223A5328009B8FEF /* Main.storyboard */,
				F53F2F29223A532A009B8FEF /* LaunchScreen.storyboard */,
			);
			path = Views;
			sourceTree = "<group>";
		};
		F53F2F42223A5370009B8FEF /* Resources */ = {
			isa = PBXGroup;
			children = (
				F53F2F80223B3568009B8FEF /* Helpers */,
				F53F2F27223A532A009B8FEF /* Assets.xcassets */,
			);
			path = Resources;
			sourceTree = "<group>";
		};
		F53F2F43223A5384009B8FEF /* Models */ = {
			isa = PBXGroup;
			children = (
				F53F2F45223A5515009B8FEF /* Vehicle.swift */,
			);
			path = Models;
			sourceTree = "<group>";
		};
		F53F2F44223A5395009B8FEF /* Config */ = {
			isa = PBXGroup;
			children = (
				F53F2F5F223A5A75009B8FEF /* Constants.swift */,
				F53F2F81223B38AF009B8FEF /* Extensions.swift */,
			);
			path = Config;
			sourceTree = "<group>";
		};
		F53F2F47223A567A009B8FEF /* Service */ = {
			isa = PBXGroup;
			children = (
				F53F2F72223A683D009B8FEF /* MapService.swift */,
			);
			path = Service;
			sourceTree = "<group>";
		};
		F53F2F74223A7597009B8FEF /* Xib */ = {
			isa = PBXGroup;
			children = (
				F53F2F76223A7611009B8FEF /* VehicleDetailView.swift */,
				F53F2F75223A7611009B8FEF /* VehicleDetailView.xib */,
			);
			path = Xib;
			sourceTree = "<group>";
		};
		F53F2F80223B3568009B8FEF /* Helpers */ = {
			isa = PBXGroup;
			children = (
				F53F2F57223A569F009B8FEF /* Reachability.swift */,
			);
			path = Helpers;
			sourceTree = "<group>";
		};
/* End PBXGroup section */

/* Begin PBXNativeTarget section */
		F53F2F1C223A5328009B8FEF /* Map */ = {
			isa = PBXNativeTarget;
			buildConfigurationList = F53F2F3A223A532B009B8FEF /* Build configuration list for PBXNativeTarget "Map" */;
			buildPhases = (
				F53F2F19223A5328009B8FEF /* Sources */,
				F53F2F1A223A5328009B8FEF /* Frameworks */,
				F53F2F1B223A5328009B8FEF /* Resources */,
			);
			buildRules = (
			);
			dependencies = (
			);
			name = Map;
			productName = Map;
			productReference = F53F2F1D223A5328009B8FEF /* Map.app */;
			productType = "com.apple.product-type.application";
		};
		F53F2F30223A532A009B8FEF /* MapTests */ = {
			isa = PBXNativeTarget;
			buildConfigurationList = F53F2F3D223A532B009B8FEF /* Build configuration list for PBXNativeTarget "MapTests" */;
			buildPhases = (
				F53F2F2D223A532A009B8FEF /* Sources */,
				F53F2F2E223A532A009B8FEF /* Frameworks */,
				F53F2F2F223A532A009B8FEF /* Resources */,
			);
			buildRules = (
			);
			dependencies = (
				F53F2F33223A532A009B8FEF /* PBXTargetDependency */,
			);
			name = MapTests;
			productName = MapTests;
			productReference = F53F2F31223A532A009B8FEF /* MapTests.xctest */;
			productType = "com.apple.product-type.bundle.unit-test";
		};
/* End PBXNativeTarget section */

/* Begin PBXProject section */
		F53F2F15223A5328009B8FEF /* Project object */ = {
			isa = PBXProject;
			attributes = {
				LastSwiftUpdateCheck = 1010;
				LastUpgradeCheck = 1010;
				ORGANIZATIONNAME = test;
				TargetAttributes = {
					F53F2F1C223A5328009B8FEF = {
						CreatedOnToolsVersion = 10.1;
					};
					F53F2F30223A532A009B8FEF = {
						CreatedOnToolsVersion = 10.1;
						TestTargetID = F53F2F1C223A5328009B8FEF;
					};
				};
			};
			buildConfigurationList = F53F2F18223A5328009B8FEF /* Build configuration list for PBXProject "Map" */;
			compatibilityVersion = "Xcode 9.3";
			developmentRegion = en;
			hasScannedForEncodings = 0;
			knownRegions = (
				en,
				Base,
			);
			mainGroup = F53F2F14223A5328009B8FEF;
			productRefGroup = F53F2F1E223A5328009B8FEF /* Products */;
			projectDirPath = "";
			projectRoot = "";
			targets = (
				F53F2F1C223A5328009B8FEF /* Map */,
				F53F2F30223A532A009B8FEF /* MapTests */,
			);
		};
/* End PBXProject section */

/* Begin PBXResourcesBuildPhase section */
		F53F2F1B223A5328009B8FEF /* Resources */ = {
			isa = PBXResourcesBuildPhase;
			buildActionMask = 2147483647;
			files = (
				F53F2F77223A7611009B8FEF /* VehicleDetailView.xib in Resources */,
				F53F2F2B223A532A009B8FEF /* LaunchScreen.storyboard in Resources */,
				F53F2F28223A532A009B8FEF /* Assets.xcassets in Resources */,
				F53F2F26223A5328009B8FEF /* Main.storyboard in Resources */,
			);
			runOnlyForDeploymentPostprocessing = 0;
		};
		F53F2F2F223A532A009B8FEF /* Resources */ = {
			isa = PBXResourcesBuildPhase;
			buildActionMask = 2147483647;
			files = (
				F5BE4949223B87210056D775 /* Sample.json in Resources */,
			);
			runOnlyForDeploymentPostprocessing = 0;
		};
/* End PBXResourcesBuildPhase section */

/* Begin PBXSourcesBuildPhase section */
		F53F2F19223A5328009B8FEF /* Sources */ = {
			isa = PBXSourcesBuildPhase;
			buildActionMask = 2147483647;
			files = (
				F53F2F46223A5515009B8FEF /* Vehicle.swift in Sources */,
				F53F2F23223A5328009B8FEF /* ViewController.swift in Sources */,
				F53F2F73223A683D009B8FEF /* MapService.swift in Sources */,
				F53F2F82223B38AF009B8FEF /* Extensions.swift in Sources */,
				F53F2F58223A569F009B8FEF /* Reachability.swift in Sources */,
				F53F2F21223A5328009B8FEF /* AppDelegate.swift in Sources */,
				F53F2F60223A5A75009B8FEF /* Constants.swift in Sources */,
				F53F2F78223A7611009B8FEF /* VehicleDetailView.swift in Sources */,
			);
			runOnlyForDeploymentPostprocessing = 0;
		};
		F53F2F2D223A532A009B8FEF /* Sources */ = {
			isa = PBXSourcesBuildPhase;
			buildActionMask = 2147483647;
			files = (
				F53F2F36223A532A009B8FEF /* MapApiServiceTests.swift in Sources */,
			);
			runOnlyForDeploymentPostprocessing = 0;
		};
/* End PBXSourcesBuildPhase section */

/* Begin PBXTargetDependency section */
		F53F2F33223A532A009B8FEF /* PBXTargetDependency */ = {
			isa = PBXTargetDependency;
			target = F53F2F1C223A5328009B8FEF /* Map */;
			targetProxy = F53F2F32223A532A009B8FEF /* PBXContainerItemProxy */;
		};
/* End PBXTargetDependency section */

/* Begin PBXVariantGroup section */
		F53F2F24223A5328009B8FEF /* Main.storyboard */ = {
			isa = PBXVariantGroup;
			children = (
				F53F2F25223A5328009B8FEF /* Base */,
			);
			name = Main.storyboard;
			sourceTree = "<group>";
		};
		F53F2F29223A532A009B8FEF /* LaunchScreen.storyboard */ = {
			isa = PBXVariantGroup;
			children = (
				F53F2F2A223A532A009B8FEF /* Base */,
			);
			name = LaunchScreen.storyboard;
			sourceTree = "<group>";
		};
/* End PBXVariantGroup section */

/* Begin XCBuildConfiguration section */
		F53F2F38223A532B009B8FEF /* Debug */ = {
			isa = XCBuildConfiguration;
			buildSettings = {
				ALWAYS_SEARCH_USER_PATHS = NO;
				CLANG_ANALYZER_NONNULL = YES;
				CLANG_ANALYZER_NUMBER_OBJECT_CONVERSION = YES_AGGRESSIVE;
				CLANG_CXX_LANGUAGE_STANDARD = "gnu++14";
				CLANG_CXX_LIBRARY = "libc++";
				CLANG_ENABLE_MODULES = YES;
				CLANG_ENABLE_OBJC_ARC = YES;
				CLANG_ENABLE_OBJC_WEAK = YES;
				CLANG_WARN_BLOCK_CAPTURE_AUTORELEASING = YES;
				CLANG_WARN_BOOL_CONVERSION = YES;
				CLANG_WARN_COMMA = YES;
				CLANG_WARN_CONSTANT_CONVERSION = YES;
				CLANG_WARN_DEPRECATED_OBJC_IMPLEMENTATIONS = YES;
				CLANG_WARN_DIRECT_OBJC_ISA_USAGE = YES_ERROR;
				CLANG_WARN_DOCUMENTATION_COMMENTS = YES;
				CLANG_WARN_EMPTY_BODY = YES;
				CLANG_WARN_ENUM_CONVERSION = YES;
				CLANG_WARN_INFINITE_RECURSION = YES;
				CLANG_WARN_INT_CONVERSION = YES;
				CLANG_WARN_NON_LITERAL_NULL_CONVERSION = YES;
				CLANG_WARN_OBJC_IMPLICIT_RETAIN_SELF = YES;
				CLANG_WARN_OBJC_LITERAL_CONVERSION = YES;
				CLANG_WARN_OBJC_ROOT_CLASS = YES_ERROR;
				CLANG_WARN_RANGE_LOOP_ANALYSIS = YES;
				CLANG_WARN_STRICT_PROTOTYPES = YES;
				CLANG_WARN_SUSPICIOUS_MOVE = YES;
				CLANG_WARN_UNGUARDED_AVAILABILITY = YES_AGGRESSIVE;
				CLANG_WARN_UNREACHABLE_CODE = YES;
				CLANG_WARN__DUPLICATE_METHOD_MATCH = YES;
				CODE_SIGN_IDENTITY = "iPhone Developer";
				COPY_PHASE_STRIP = NO;
				DEBUG_INFORMATION_FORMAT = dwarf;
				ENABLE_STRICT_OBJC_MSGSEND = YES;
				ENABLE_TESTABILITY = YES;
				GCC_C_LANGUAGE_STANDARD = gnu11;
				GCC_DYNAMIC_NO_PIC = NO;
				GCC_NO_COMMON_BLOCKS = YES;
				GCC_OPTIMIZATION_LEVEL = 0;
				GCC_PREPROCESSOR_DEFINITIONS = (
					"DEBUG=1",
					"$(inherited)",
				);
				GCC_WARN_64_TO_32_BIT_CONVERSION = YES;
				GCC_WARN_ABOUT_RETURN_TYPE = YES_ERROR;
				GCC_WARN_UNDECLARED_SELECTOR = YES;
				GCC_WARN_UNINITIALIZED_AUTOS = YES_AGGRESSIVE;
				GCC_WARN_UNUSED_FUNCTION = YES;
				GCC_WARN_UNUSED_VARIABLE = YES;
				IPHONEOS_DEPLOYMENT_TARGET = 12.1;
				MTL_ENABLE_DEBUG_INFO = INCLUDE_SOURCE;
				MTL_FAST_MATH = YES;
				ONLY_ACTIVE_ARCH = YES;
				SDKROOT = iphoneos;
				SWIFT_ACTIVE_COMPILATION_CONDITIONS = DEBUG;
				SWIFT_OPTIMIZATION_LEVEL = "-Onone";
			};
			name = Debug;
		};
		F53F2F39223A532B009B8FEF /* Release */ = {
			isa = XCBuildConfiguration;
			buildSettings = {
				ALWAYS_SEARCH_USER_PATHS = NO;
				CLANG_ANALYZER_NONNULL = YES;
				CLANG_ANALYZER_NUMBER_OBJECT_CONVERSION = YES_AGGRESSIVE;
				CLANG_CXX_LANGUAGE_STANDARD = "gnu++14";
				CLANG_CXX_LIBRARY = "libc++";
				CLANG_ENABLE_MODULES = YES;
				CLANG_ENABLE_OBJC_ARC = YES;
				CLANG_ENABLE_OBJC_WEAK = YES;
				CLANG_WARN_BLOCK_CAPTURE_AUTORELEASING = YES;
				CLANG_WARN_BOOL_CONVERSION = YES;
				CLANG_WARN_COMMA = YES;
				CLANG_WARN_CONSTANT_CONVERSION = YES;
				CLANG_WARN_DEPRECATED_OBJC_IMPLEMENTATIONS = YES;
				CLANG_WARN_DIRECT_OBJC_ISA_USAGE = YES_ERROR;
				CLANG_WARN_DOCUMENTATION_COMMENTS = YES;
				CLANG_WARN_EMPTY_BODY = YES;
				CLANG_WARN_ENUM_CONVERSION = YES;
				CLANG_WARN_INFINITE_RECURSION = YES;
				CLANG_WARN_INT_CONVERSION = YES;
				CLANG_WARN_NON_LITERAL_NULL_CONVERSION = YES;
				CLANG_WARN_OBJC_IMPLICIT_RETAIN_SELF = YES;
				CLANG_WARN_OBJC_LITERAL_CONVERSION = YES;
				CLANG_WARN_OBJC_ROOT_CLASS = YES_ERROR;
				CLANG_WARN_RANGE_LOOP_ANALYSIS = YES;
				CLANG_WARN_STRICT_PROTOTYPES = YES;
				CLANG_WARN_SUSPICIOUS_MOVE = YES;
				CLANG_WARN_UNGUARDED_AVAILABILITY = YES_AGGRESSIVE;
				CLANG_WARN_UNREACHABLE_CODE = YES;
				CLANG_WARN__DUPLICATE_METHOD_MATCH = YES;
				CODE_SIGN_IDENTITY = "iPhone Developer";
				COPY_PHASE_STRIP = NO;
				DEBUG_INFORMATION_FORMAT = "dwarf-with-dsym";
				ENABLE_NS_ASSERTIONS = NO;
				ENABLE_STRICT_OBJC_MSGSEND = YES;
				GCC_C_LANGUAGE_STANDARD = gnu11;
				GCC_NO_COMMON_BLOCKS = YES;
				GCC_WARN_64_TO_32_BIT_CONVERSION = YES;
				GCC_WARN_ABOUT_RETURN_TYPE = YES_ERROR;
				GCC_WARN_UNDECLARED_SELECTOR = YES;
				GCC_WARN_UNINITIALIZED_AUTOS = YES_AGGRESSIVE;
				GCC_WARN_UNUSED_FUNCTION = YES;
				GCC_WARN_UNUSED_VARIABLE = YES;
				IPHONEOS_DEPLOYMENT_TARGET = 12.1;
				MTL_ENABLE_DEBUG_INFO = NO;
				MTL_FAST_MATH = YES;
				SDKROOT = iphoneos;
				SWIFT_COMPILATION_MODE = wholemodule;
				SWIFT_OPTIMIZATION_LEVEL = "-O";
				VALIDATE_PRODUCT = YES;
			};
			name = Release;
		};
		F53F2F3B223A532B009B8FEF /* Debug */ = {
			isa = XCBuildConfiguration;
			buildSettings = {
				ASSETCATALOG_COMPILER_APPICON_NAME = AppIcon;
				CODE_SIGN_STYLE = Automatic;
				INFOPLIST_FILE = Map/Info.plist;
				LD_RUNPATH_SEARCH_PATHS = (
					"$(inherited)",
					"@executable_path/Frameworks",
				);
				PRODUCT_BUNDLE_IDENTIFIER = com.Map;
				PRODUCT_NAME = "$(TARGET_NAME)";
				SWIFT_VERSION = 4.2;
				TARGETED_DEVICE_FAMILY = "1,2";
			};
			name = Debug;
		};
		F53F2F3C223A532B009B8FEF /* Release */ = {
			isa = XCBuildConfiguration;
			buildSettings = {
				ASSETCATALOG_COMPILER_APPICON_NAME = AppIcon;
				CODE_SIGN_STYLE = Automatic;
				INFOPLIST_FILE = Map/Info.plist;
				LD_RUNPATH_SEARCH_PATHS = (
					"$(inherited)",
					"@executable_path/Frameworks",
				);
				PRODUCT_BUNDLE_IDENTIFIER = com.Map;
				PRODUCT_NAME = "$(TARGET_NAME)";
				SWIFT_VERSION = 4.2;
				TARGETED_DEVICE_FAMILY = "1,2";
			};
			name = Release;
		};
		F53F2F3E223A532B009B8FEF /* Debug */ = {
			isa = XCBuildConfiguration;
			buildSettings = {
				ALWAYS_EMBED_SWIFT_STANDARD_LIBRARIES = YES;
				BUNDLE_LOADER = "$(TEST_HOST)";
				CODE_SIGN_STYLE = Automatic;
				INFOPLIST_FILE = MapTests/Info.plist;
				LD_RUNPATH_SEARCH_PATHS = (
					"$(inherited)",
					"@executable_path/Frameworks",
					"@loader_path/Frameworks",
				);
				PRODUCT_BUNDLE_IDENTIFIER = com.MapTests;
				PRODUCT_NAME = "$(TARGET_NAME)";
				SWIFT_VERSION = 4.2;
				TARGETED_DEVICE_FAMILY = "1,2";
				TEST_HOST = "$(BUILT_PRODUCTS_DIR)/Map.app/Map";
			};
			name = Debug;
		};
		F53F2F3F223A532B009B8FEF /* Release */ = {
			isa = XCBuildConfiguration;
			buildSettings = {
				ALWAYS_EMBED_SWIFT_STANDARD_LIBRARIES = YES;
				BUNDLE_LOADER = "$(TEST_HOST)";
				CODE_SIGN_STYLE = Automatic;
				INFOPLIST_FILE = MapTests/Info.plist;
				LD_RUNPATH_SEARCH_PATHS = (
					"$(inherited)",
					"@executable_path/Frameworks",
					"@loader_path/Frameworks",
				);
				PRODUCT_BUNDLE_IDENTIFIER = com.MapTests;
				PRODUCT_NAME = "$(TARGET_NAME)";
				SWIFT_VERSION = 4.2;
				TARGETED_DEVICE_FAMILY = "1,2";
				TEST_HOST = "$(BUILT_PRODUCTS_DIR)/Map.app/Map";
			};
			name = Release;
		};
/* End XCBuildConfiguration section */

/* Begin XCConfigurationList section */
		F53F2F18223A5328009B8FEF /* Build configuration list for PBXProject "Map" */ = {
			isa = XCConfigurationList;
			buildConfigurations = (
				F53F2F38223A532B009B8FEF /* Debug */,
				F53F2F39223A532B009B8FEF /* Release */,
			);
			defaultConfigurationIsVisible = 0;
			defaultConfigurationName = Release;
		};
		F53F2F3A223A532B009B8FEF /* Build configuration list for PBXNativeTarget "Map" */ = {
			isa = XCConfigurationList;
			buildConfigurations = (
				F53F2F3B223A532B009B8FEF /* Debug */,
				F53F2F3C223A532B009B8FEF /* Release */,
			);
			defaultConfigurationIsVisible = 0;
			defaultConfigurationName = Release;
		};
		F53F2F3D223A532B009B8FEF /* Build configuration list for PBXNativeTarget "MapTests" */ = {
			isa = XCConfigurationList;
			buildConfigurations = (
				F53F2F3E223A532B009B8FEF /* Debug */,
				F53F2F3F223A532B009B8FEF /* Release */,
			);
			defaultConfigurationIsVisible = 0;
			defaultConfigurationName = Release;
		};
/* End XCConfigurationList section */
	};
	rootObject = F53F2F15223A5328009B8FEF /* Project object */;
}
